{
    "_readme": [
        "This file locks the dependencies of your project to a known state",
        "Read more about it at https://getcomposer.org/doc/01-basic-usage.md#installing-dependencies",
        "This file is @generated automatically"
    ],
    "content-hash": "f2a1c46fea550375fc09280c33a59d12",
    "packages": [
        {
            "name": "iggyvolz/classgen",
            "version": "v0.3.1",
            "source": {
                "type": "git",
                "url": "https://github.com/iggyvolz/classgen.git",
                "reference": "aa8d0392970d5f5607fbad8478d46b2807f4ecfe"
            },
            "dist": {
                "type": "zip",
                "url": "https://api.github.com/repos/iggyvolz/classgen/zipball/aa8d0392970d5f5607fbad8478d46b2807f4ecfe",
                "reference": "aa8d0392970d5f5607fbad8478d46b2807f4ecfe",
                "shasum": ""
            },
            "require": {
                "php": "^8.0"
            },
            "type": "library",
            "autoload": {
                "files": [
                    "ClassGeneratorAutoloader.php"
                ],
                "psr-4": {
                    "": "gen/",
                    "iggyvolz\\classgen\\": "src/"
                }
            },
            "notification-url": "https://packagist.org/downloads/",
            "license": [
                "MIT"
            ],
            "authors": [
                {
                    "name": "Katie",
                    "email": "iggyvolz@gmail.com"
                }
            ],
            "description": "PHP Class Generation",
            "support": {
                "issues": "https://github.com/iggyvolz/classgen/issues",
                "source": "https://github.com/iggyvolz/classgen/tree/v0.3.1"
            },
            "time": "2022-01-27T07:02:55+00:00"
        },
        {
            "name": "nette/php-generator",
            "version": "v4.1.0",
            "source": {
                "type": "git",
                "url": "https://github.com/nette/php-generator.git",
                "reference": "8b728c622c49b196513c0f95508f2f66342d1e8f"
            },
            "dist": {
                "type": "zip",
                "url": "https://api.github.com/repos/nette/php-generator/zipball/8b728c622c49b196513c0f95508f2f66342d1e8f",
                "reference": "8b728c622c49b196513c0f95508f2f66342d1e8f",
                "shasum": ""
            },
            "require": {
                "nette/utils": "^3.2.9 || ^4.0",
                "php": "8.0 - 8.3"
            },
            "require-dev": {
                "jetbrains/phpstorm-attributes": "dev-master",
                "nette/tester": "^2.4",
                "nikic/php-parser": "^4.15",
                "phpstan/phpstan": "^1.0",
                "tracy/tracy": "^2.8"
            },
            "suggest": {
                "nikic/php-parser": "to use ClassType::from(withBodies: true) & ClassType::fromCode()"
            },
            "type": "library",
            "extra": {
                "branch-alias": {
                    "dev-master": "4.1-dev"
                }
            },
            "autoload": {
                "classmap": [
                    "src/"
                ]
            },
            "notification-url": "https://packagist.org/downloads/",
            "license": [
                "BSD-3-Clause",
                "GPL-2.0-only",
                "GPL-3.0-only"
            ],
            "authors": [
                {
                    "name": "David Grudl",
                    "homepage": "https://davidgrudl.com"
                },
                {
                    "name": "Nette Community",
                    "homepage": "https://nette.org/contributors"
                }
            ],
            "description": "🐘 Nette PHP Generator: generates neat PHP code for you. Supports new PHP 8.3 features.",
            "homepage": "https://nette.org",
            "keywords": [
                "code",
                "nette",
                "php",
                "scaffolding"
            ],
            "support": {
                "issues": "https://github.com/nette/php-generator/issues",
                "source": "https://github.com/nette/php-generator/tree/v4.1.0"
            },
            "time": "2023-09-26T12:28:52+00:00"
        },
        {
            "name": "nette/utils",
            "version": "v4.0.2",
            "source": {
                "type": "git",
                "url": "https://github.com/nette/utils.git",
                "reference": "cead6637226456b35e1175cc53797dd585d85545"
            },
            "dist": {
                "type": "zip",
                "url": "https://api.github.com/repos/nette/utils/zipball/cead6637226456b35e1175cc53797dd585d85545",
                "reference": "cead6637226456b35e1175cc53797dd585d85545",
                "shasum": ""
            },
            "require": {
                "php": ">=8.0 <8.4"
            },
            "conflict": {
                "nette/finder": "<3",
                "nette/schema": "<1.2.2"
            },
            "require-dev": {
                "jetbrains/phpstorm-attributes": "dev-master",
                "nette/tester": "^2.5",
                "phpstan/phpstan": "^1.0",
                "tracy/tracy": "^2.9"
            },
            "suggest": {
                "ext-gd": "to use Image",
                "ext-iconv": "to use Strings::webalize(), toAscii(), chr() and reverse()",
                "ext-intl": "to use Strings::webalize(), toAscii(), normalize() and compare()",
                "ext-json": "to use Nette\\Utils\\Json",
                "ext-mbstring": "to use Strings::lower() etc...",
                "ext-tokenizer": "to use Nette\\Utils\\Reflection::getUseStatements()"
            },
            "type": "library",
            "extra": {
                "branch-alias": {
                    "dev-master": "4.0-dev"
                }
            },
            "autoload": {
                "classmap": [
                    "src/"
                ]
            },
            "notification-url": "https://packagist.org/downloads/",
            "license": [
                "BSD-3-Clause",
                "GPL-2.0-only",
                "GPL-3.0-only"
            ],
            "authors": [
                {
                    "name": "David Grudl",
                    "homepage": "https://davidgrudl.com"
                },
                {
                    "name": "Nette Community",
                    "homepage": "https://nette.org/contributors"
                }
            ],
            "description": "🛠  Nette Utils: lightweight utilities for string & array manipulation, image handling, safe JSON encoding/decoding, validation, slug or strong password generating etc.",
            "homepage": "https://nette.org",
            "keywords": [
                "array",
                "core",
                "datetime",
                "images",
                "json",
                "nette",
                "paginator",
                "password",
                "slugify",
                "string",
                "unicode",
                "utf-8",
                "utility",
                "validation"
            ],
            "support": {
                "issues": "https://github.com/nette/utils/issues",
                "source": "https://github.com/nette/utils/tree/v4.0.2"
            },
            "time": "2023-09-19T11:58:07+00:00"
        }
    ],
    "packages-dev": [
        {
            "name": "nette/tester",
            "version": "v2.5.1",
            "source": {
                "type": "git",
                "url": "https://github.com/nette/tester.git",
                "reference": "92ad30ca60ac1e27f0c7e48b8b4e4ff1395c00c0"
            },
            "dist": {
                "type": "zip",
                "url": "https://api.github.com/repos/nette/tester/zipball/92ad30ca60ac1e27f0c7e48b8b4e4ff1395c00c0",
                "reference": "92ad30ca60ac1e27f0c7e48b8b4e4ff1395c00c0",
                "shasum": ""
            },
            "require": {
                "php": ">=8.0 <8.4"
            },
            "require-dev": {
                "ext-simplexml": "*",
                "phpstan/phpstan": "^1.0"
            },
            "bin": [
                "src/tester"
            ],
            "type": "library",
            "extra": {
                "branch-alias": {
                    "dev-master": "2.5-dev"
                }
            },
            "autoload": {
                "classmap": [
                    "src/"
                ]
            },
            "notification-url": "https://packagist.org/downloads/",
            "license": [
                "BSD-3-Clause",
                "GPL-2.0-only",
                "GPL-3.0-only"
            ],
            "authors": [
                {
                    "name": "David Grudl",
                    "homepage": "https://davidgrudl.com"
                },
                {
                    "name": "Miloslav Hůla",
                    "homepage": "https://github.com/milo"
                },
                {
                    "name": "Nette Community",
                    "homepage": "https://nette.org/contributors"
                }
            ],
            "description": "Nette Tester: enjoyable unit testing in PHP with code coverage reporter. 🍏🍏🍎🍏",
            "homepage": "https://tester.nette.org",
            "keywords": [
                "Xdebug",
                "assertions",
                "clover",
                "code coverage",
                "nette",
                "pcov",
                "phpdbg",
                "phpunit",
                "testing",
                "unit"
            ],
            "support": {
                "issues": "https://github.com/nette/tester/issues",
                "source": "https://github.com/nette/tester/tree/v2.5.1"
            },
            "time": "2023-07-30T10:24:11+00:00"
        }
    ],
    "aliases": [],
    "minimum-stability": "stable",
    "stability-flags": [],
    "prefer-stable": false,
    "prefer-lowest": false,
    "platform": [],
    "platform-dev": [],
    "plugin-api-version": "2.3.0"
}
